{
  "object": {
    "pins": [
      {
        "package": "SDGCornerstone",
        "repositoryURL": "https://github.com/SDGGiesbrecht/SDGCornerstone",
        "state": {
          "branch": null,
          "revision": "f3987ef627cbfc08688608dc6024702d6a0c916a",
          "version": "0.9.1"
        }
      },
      {
        "package": "SDGSwift",
        "repositoryURL": "https://github.com/SDGGiesbrecht/SDGSwift",
        "state": {
          "branch": "master",
          "revision": "9715854a84c5775f27386711d311f620bfb27d92",
          "version": null
        }
      },
      {
        "package": "SwiftPM",
        "repositoryURL": "https://github.com/apple/swift-package-manager",
        "state": {
          "branch": null,
          "revision": "63a01220e93271dc3bf204b9e13dd1aeb2beefee",
          "version": "0.2.0"
        }
      }
    ]
  },
  "version": 1
}
